// !$*UTF8*$!
{
	archiveVersion = 1;
	classes = {
	};
	objectVersion = 56;
	objects = {

/* Begin PBXBuildFile section */
		815F66ED2BD890E30026A32F /* App01App.swift in Sources */ = {isa = PBXBuildFile; fileRef = 815F66EC2BD890E30026A32F /* App01App.swift */; };
		815F66EF2BD890E30026A32F /* ContentView.swift in Sources */ = {isa = PBXBuildFile; fileRef = 815F66EE2BD890E30026A32F /* ContentView.swift */; };
		815F66F12BD890E70026A32F /* Assets.xcassets in Resources */ = {isa = PBXBuildFile; fileRef = 815F66F02BD890E70026A32F /* Assets.xcassets */; };
		815F66F42BD890E70026A32F /* Preview Assets.xcassets in Resources */ = {isa = PBXBuildFile; fileRef = 815F66F32BD890E70026A32F /* Preview Assets.xcassets */; };
		815F66FE2BD890E70026A32F /* App01Tests.swift in Sources */ = {isa = PBXBuildFile; fileRef = 815F66FD2BD890E70026A32F /* App01Tests.swift */; };
		815F67082BD890E70026A32F /* App01UITests.swift in Sources */ = {isa = PBXBuildFile; fileRef = 815F67072BD890E70026A32F /* App01UITests.swift */; };
		815F670A2BD890E70026A32F /* App01UITestsLaunchTests.swift in Sources */ = {isa = PBXBuildFile; fileRef = 815F67092BD890E70026A32F /* App01UITestsLaunchTests.swift */; };
/* End PBXBuildFile section */

/* Begin PBXContainerItemProxy section */
		815F66FA2BD890E70026A32F /* PBXContainerItemProxy */ = {
			isa = PBXContainerItemProxy;
			containerPortal = 815F66E12BD890E30026A32F /* Project object */;
			proxyType = 1;
			remoteGlobalIDString = 815F66E82BD890E30026A32F;
			remoteInfo = App01;
		};
		815F67042BD890E70026A32F /* PBXContainerItemProxy */ = {
			isa = PBXContainerItemProxy;
			containerPortal = 815F66E12BD890E30026A32F /* Project object */;
			proxyType = 1;
			remoteGlobalIDString = 815F66E82BD890E30026A32F;
			remoteInfo = App01;
		};
/* End PBXContainerItemProxy section */

/* Begin PBXFileReference section */
		815F66E92BD890E30026A32F /* App01.app */ = {isa = PBXFileReference; explicitFileType = wrapper.application; includeInIndex = 0; path = App01.app; sourceTree = BUILT_PRODUCTS_DIR; };
		815F66EC2BD890E30026A32F /* App01App.swift */ = {isa = PBXFileReference; lastKnownFileType = sourcecode.swift; path = App01App.swift; sourceTree = "<group>"; };
		815F66EE2BD890E30026A32F /* ContentView.swift */ = {isa = PBXFileReference; lastKnownFileType = sourcecode.swift; path = ContentView.swift; sourceTree = "<group>"; };
		815F66F02BD890E70026A32F /* Assets.xcassets */ = {isa = PBXFileReference; lastKnownFileType = folder.assetcatalog; path = Assets.xcassets; sourceTree = "<group>"; };
		815F66F32BD890E70026A32F /* Preview Assets.xcassets */ = {isa = PBXFileReference; lastKnownFileType = folder.assetcatalog; path = "Preview Assets.xcassets"; sourceTree = "<group>"; };
		815F66F92BD890E70026A32F /* App01Tests.xctest */ = {isa = PBXFileReference; explicitFileType = wrapper.cfbundle; includeInIndex = 0; path = App01Tests.xctest; sourceTree = BUILT_PRODUCTS_DIR; };
		815F66FD2BD890E70026A32F /* App01Tests.swift */ = {isa = PBXFileReference; lastKnownFileType = sourcecode.swift; path = App01Tests.swift; sourceTree = "<group>"; };
		815F67032BD890E70026A32F /* App01UITests.xctest */ = {isa = PBXFileReference; explicitFileType = wrapper.cfbundle; includeInIndex = 0; path = App01UITests.xctest; sourceTree = BUILT_PRODUCTS_DIR; };
		815F67072BD890E70026A32F /* App01UITests.swift */ = {isa = PBXFileReference; lastKnownFileType = sourcecode.swift; path = App01UITests.swift; sourceTree = "<group>"; };
		815F67092BD890E70026A32F /* App01UITestsLaunchTests.swift */ = {isa = PBXFileReference; lastKnownFileType = sourcecode.swift; path = App01UITestsLaunchTests.swift; sourceTree = "<group>"; };
/* End PBXFileReference section */

/* Begin PBXFrameworksBuildPhase section */
		815F66E62BD890E30026A32F /* Frameworks */ = {
			isa = PBXFrameworksBuildPhase;
			buildActionMask = 2147483647;
			files = (
			);
			runOnlyForDeploymentPostprocessing = 0;
		};
		815F66F62BD890E70026A32F /* Frameworks */ = {
			isa = PBXFrameworksBuildPhase;
			buildActionMask = 2147483647;
			files = (
			);
			runOnlyForDeploymentPostprocessing = 0;
		};
		815F67002BD890E70026A32F /* Frameworks */ = {
			isa = PBXFrameworksBuildPhase;
			buildActionMask = 2147483647;
			files = (
			);
			runOnlyForDeploymentPostprocessing = 0;
		};
/* End PBXFrameworksBuildPhase section */

/* Begin PBXGroup section */
		815F66E02BD890E30026A32F = {
			isa = PBXGroup;
			children = (
				815F66EB2BD890E30026A32F /* App01 */,
				815F66FC2BD890E70026A32F /* App01Tests */,
				815F67062BD890E70026A32F /* App01UITests */,
				815F66EA2BD890E30026A32F /* Products */,
			);
			sourceTree = "<group>";
		};
		815F66EA2BD890E30026A32F /* Products */ = {
			isa = PBXGroup;
			children = (
				815F66E92BD890E30026A32F /* App01.app */,
				815F66F92BD890E70026A32F /* App01Tests.xctest */,
				815F67032BD890E70026A32F /* App01UITests.xctest */,
			);
			name = Products;
			sourceTree = "<group>";
		};
		815F66EB2BD890E30026A32F /* App01 */ = {
			isa = PBXGroup;
			children = (
				815F66EC2BD890E30026A32F /* App01App.swift */,
				815F66EE2BD890E30026A32F /* ContentView.swift */,
				815F66F02BD890E70026A32F /* Assets.xcassets */,
				815F66F22BD890E70026A32F /* Preview Content */,
			);
			path = App01;
			sourceTree = "<group>";
		};
		815F66F22BD890E70026A32F /* Preview Content */ = {
			isa = PBXGroup;
			children = (
				815F66F32BD890E70026A32F /* Preview Assets.xcassets */,
			);
			path = "Preview Content";
			sourceTree = "<group>";
		};
		815F66FC2BD890E70026A32F /* App01Tests */ = {
			isa = PBXGroup;
			children = (
				815F66FD2BD890E70026A32F /* App01Tests.swift */,
			);
			path = App01Tests;
			sourceTree = "<group>";
		};
		815F67062BD890E70026A32F /* App01UITests */ = {
			isa = PBXGroup;
			children = (
				815F67072BD890E70026A32F /* App01UITests.swift */,
				815F67092BD890E70026A32F /* App01UITestsLaunchTests.swift */,
			);
			path = App01UITests;
			sourceTree = "<group>";
		};
/* End PBXGroup section */

/* Begin PBXNativeTarget section */
		815F66E82BD890E30026A32F /* App01 */ = {
			isa = PBXNativeTarget;
			buildConfigurationList = 815F670D2BD890E70026A32F /* Build configuration list for PBXNativeTarget "App01" */;
			buildPhases = (
				815F66E52BD890E30026A32F /* Sources */,
				815F66E62BD890E30026A32F /* Frameworks */,
				815F66E72BD890E30026A32F /* Resources */,
			);
			buildRules = (
			);
			dependencies = (
			);
			name = App01;
			productName = App01;
			productReference = 815F66E92BD890E30026A32F /* App01.app */;
			productType = "com.apple.product-type.application";
		};
		815F66F82BD890E70026A32F /* App01Tests */ = {
			isa = PBXNativeTarget;
			buildConfigurationList = 815F67102BD890E70026A32F /* Build configuration list for PBXNativeTarget "App01Tests" */;
			buildPhases = (
				815F66F52BD890E70026A32F /* Sources */,
				815F66F62BD890E70026A32F /* Frameworks */,
				815F66F72BD890E70026A32F /* Resources */,
			);
			buildRules = (
			);
			dependencies = (
				815F66FB2BD890E70026A32F /* PBXTargetDependency */,
			);
			name = App01Tests;
			productName = App01Tests;
			productReference = 815F66F92BD890E70026A32F /* App01Tests.xctest */;
			productType = "com.apple.product-type.bundle.unit-test";
		};
		815F67022BD890E70026A32F /* App01UITests */ = {
			isa = PBXNativeTarget;
			buildConfigurationList = 815F67132BD890E70026A32F /* Build configuration list for PBXNativeTarget "App01UITests" */;
			buildPhases = (
				815F66FF2BD890E70026A32F /* Sources */,
				815F67002BD890E70026A32F /* Frameworks */,
				815F67012BD890E70026A32F /* Resources */,
			);
			buildRules = (
			);
			dependencies = (
				815F67052BD890E70026A32F /* PBXTargetDependency */,
			);
			name = App01UITests;
			productName = App01UITests;
			productReference = 815F67032BD890E70026A32F /* App01UITests.xctest */;
			productType = "com.apple.product-type.bundle.ui-testing";
		};
/* End PBXNativeTarget section */

/* Begin PBXProject section */
		815F66E12BD890E30026A32F /* Project object */ = {
			isa = PBXProject;
			attributes = {
				BuildIndependentTargetsInParallel = 1;
				LastSwiftUpdateCheck = 1520;
				LastUpgradeCheck = 1520;
				TargetAttributes = {
					815F66E82BD890E30026A32F = {
						CreatedOnToolsVersion = 15.2;
					};
					815F66F82BD890E70026A32F = {
						CreatedOnToolsVersion = 15.2;
						TestTargetID = 815F66E82BD890E30026A32F;
					};
					815F67022BD890E70026A32F = {
						CreatedOnToolsVersion = 15.2;
						TestTargetID = 815F66E82BD890E30026A32F;
					};
				};
			};
			buildConfigurationList = 815F66E42BD890E30026A32F /* Build configuration list for PBXProject "App01" */;
			compatibilityVersion = "Xcode 14.0";
			developmentRegion = en;
			hasScannedForEncodings = 0;
			knownRegions = (
				en,
				Base,
			);
			mainGroup = 815F66E02BD890E30026A32F;
			productRefGroup = 815F66EA2BD890E30026A32F /* Products */;
			projectDirPath = "";
			projectRoot = "";
			targets = (
				815F66E82BD890E30026A32F /* App01 */,
				815F66F82BD890E70026A32F /* App01Tests */,
				815F67022BD890E70026A32F /* App01UITests */,
			);
		};
/* End PBXProject section */

/* Begin PBXResourcesBuildPhase section */
		815F66E72BD890E30026A32F /* Resources */ = {
			isa = PBXResourcesBuildPhase;
			buildActionMask = 2147483647;
			files = (
				815F66F42BD890E70026A32F /* Preview Assets.xcassets in Resources */,
				815F66F12BD890E70026A32F /* Assets.xcassets in Resources */,
			);
			runOnlyForDeploymentPostprocessing = 0;
		};
		815F66F72BD890E70026A32F /* Resources */ = {
			isa = PBXResourcesBuildPhase;
			buildActionMask = 2147483647;
			files = (
			);
			runOnlyForDeploymentPostprocessing = 0;
		};
		815F67012BD890E70026A32F /* Resources */ = {
			isa = PBXResourcesBuildPhase;
			buildActionMask = 2147483647;
			files = (
			);
			runOnlyForDeploymentPostprocessing = 0;
		};
/* End PBXResourcesBuildPhase section */

/* Begin PBXSourcesBuildPhase section */
		815F66E52BD890E30026A32F /* Sources */ = {
			isa = PBXSourcesBuildPhase;
			buildActionMask = 2147483647;
			files = (
				815F66EF2BD890E30026A32F /* ContentView.swift in Sources */,
				815F66ED2BD890E30026A32F /* App01App.swift in Sources */,
			);
			runOnlyForDeploymentPostprocessing = 0;
		};
		815F66F52BD890E70026A32F /* Sources */ = {
			isa = PBXSourcesBuildPhase;
			buildActionMask = 2147483647;
			files = (
				815F66FE2BD890E70026A32F /* App01Tests.swift in Sources */,
			);
			runOnlyForDeploymentPostprocessing = 0;
		};
		815F66FF2BD890E70026A32F /* Sources */ = {
			isa = PBXSourcesBuildPhase;
			buildActionMask = 2147483647;
			files = (
				815F67082BD890E70026A32F /* App01UITests.swift in Sources */,
				815F670A2BD890E70026A32F /* App01UITestsLaunchTests.swift in Sources */,
			);
			runOnlyForDeploymentPostprocessing = 0;
		};
/* End PBXSourcesBuildPhase section */

/* Begin PBXTargetDependency section */
		815F66FB2BD890E70026A32F /* PBXTargetDependency */ = {
			isa = PBXTargetDependency;
			target = 815F66E82BD890E30026A32F /* App01 */;
			targetProxy = 815F66FA2BD890E70026A32F /* PBXContainerItemProxy */;
		};
		815F67052BD890E70026A32F /* PBXTargetDependency */ = {
			isa = PBXTargetDependency;
			target = 815F66E82BD890E30026A32F /* App01 */;
			targetProxy = 815F67042BD890E70026A32F /* PBXContainerItemProxy */;
		};
/* End PBXTargetDependency section */

/* Begin XCBuildConfiguration section */
		815F670B2BD890E70026A32F /* Debug */ = {
			isa = XCBuildConfiguration;
			buildSettings = {
				ALWAYS_SEARCH_USER_PATHS = NO;
				ASSETCATALOG_COMPILER_GENERATE_SWIFT_ASSET_SYMBOL_EXTENSIONS = YES;
				CLANG_ANALYZER_NONNULL = YES;
				CLANG_ANALYZER_NUMBER_OBJECT_CONVERSION = YES_AGGRESSIVE;
				CLANG_CXX_LANGUAGE_STANDARD = "gnu++20";
				CLANG_ENABLE_MODULES = YES;
				CLANG_ENABLE_OBJC_ARC = YES;
				CLANG_ENABLE_OBJC_WEAK = YES;
				CLANG_WARN_BLOCK_CAPTURE_AUTORELEASING = YES;
				CLANG_WARN_BOOL_CONVERSION = YES;
				CLANG_WARN_COMMA = YES;
				CLANG_WARN_CONSTANT_CONVERSION = YES;
				CLANG_WARN_DEPRECATED_OBJC_IMPLEMENTATIONS = YES;
				CLANG_WARN_DIRECT_OBJC_ISA_USAGE = YES_ERROR;
				CLANG_WARN_DOCUMENTATION_COMMENTS = YES;
				CLANG_WARN_EMPTY_BODY = YES;
				CLANG_WARN_ENUM_CONVERSION = YES;
				CLANG_WARN_INFINITE_RECURSION = YES;
				CLANG_WARN_INT_CONVERSION = YES;
				CLANG_WARN_NON_LITERAL_NULL_CONVERSION = YES;
				CLANG_WARN_OBJC_IMPLICIT_RETAIN_SELF = YES;
				CLANG_WARN_OBJC_LITERAL_CONVERSION = YES;
				CLANG_WARN_OBJC_ROOT_CLASS = YES_ERROR;
				CLANG_WARN_QUOTED_INCLUDE_IN_FRAMEWORK_HEADER = YES;
				CLANG_WARN_RANGE_LOOP_ANALYSIS = YES;
				CLANG_WARN_STRICT_PROTOTYPES = YES;
				CLANG_WARN_SUSPICIOUS_MOVE = YES;
				CLANG_WARN_UNGUARDED_AVAILABILITY = YES_AGGRESSIVE;
				CLANG_WARN_UNREACHABLE_CODE = YES;
				CLANG_WARN__DUPLICATE_METHOD_MATCH = YES;
				COPY_PHASE_STRIP = NO;
				DEBUG_INFORMATION_FORMAT = dwarf;
				ENABLE_STRICT_OBJC_MSGSEND = YES;
				ENABLE_TESTABILITY = YES;
				ENABLE_USER_SCRIPT_SANDBOXING = YES;
				GCC_C_LANGUAGE_STANDARD = gnu17;
				GCC_DYNAMIC_NO_PIC = NO;
				GCC_NO_COMMON_BLOCKS = YES;
				GCC_OPTIMIZATION_LEVEL = 0;
				GCC_PREPROCESSOR_DEFINITIONS = (
					"DEBUG=1",
					"$(inherited)",
				);
				GCC_WARN_64_TO_32_BIT_CONVERSION = YES;
				GCC_WARN_ABOUT_RETURN_TYPE = YES_ERROR;
				GCC_WARN_UNDECLARED_SELECTOR = YES;
				GCC_WARN_UNINITIALIZED_AUTOS = YES_AGGRESSIVE;
				GCC_WARN_UNUSED_FUNCTION = YES;
				GCC_WARN_UNUSED_VARIABLE = YES;
				IPHONEOS_DEPLOYMENT_TARGET = 17.2;
				LOCALIZATION_PREFERS_STRING_CATALOGS = YES;
				MTL_ENABLE_DEBUG_INFO = INCLUDE_SOURCE;
				MTL_FAST_MATH = YES;
				ONLY_ACTIVE_ARCH = YES;
				SDKROOT = iphoneos;
				SWIFT_ACTIVE_COMPILATION_CONDITIONS = "DEBUG $(inherited)";
				SWIFT_OPTIMIZATION_LEVEL = "-Onone";
			};
			name = Debug;
		};
		815F670C2BD890E70026A32F /* Release */ = {
			isa = XCBuildConfiguration;
			buildSettings = {
				ALWAYS_SEARCH_USER_PATHS = NO;
				ASSETCATALOG_COMPILER_GENERATE_SWIFT_ASSET_SYMBOL_EXTENSIONS = YES;
				CLANG_ANALYZER_NONNULL = YES;
				CLANG_ANALYZER_NUMBER_OBJECT_CONVERSION = YES_AGGRESSIVE;
				CLANG_CXX_LANGUAGE_STANDARD = "gnu++20";
				CLANG_ENABLE_MODULES = YES;
				CLANG_ENABLE_OBJC_ARC = YES;
				CLANG_ENABLE_OBJC_WEAK = YES;
				CLANG_WARN_BLOCK_CAPTURE_AUTORELEASING = YES;
				CLANG_WARN_BOOL_CONVERSION = YES;
				CLANG_WARN_COMMA = YES;
				CLANG_WARN_CONSTANT_CONVERSION = YES;
				CLANG_WARN_DEPRECATED_OBJC_IMPLEMENTATIONS = YES;
				CLANG_WARN_DIRECT_OBJC_ISA_USAGE = YES_ERROR;
				CLANG_WARN_DOCUMENTATION_COMMENTS = YES;
				CLANG_WARN_EMPTY_BODY = YES;
				CLANG_WARN_ENUM_CONVERSION = YES;
				CLANG_WARN_INFINITE_RECURSION = YES;
				CLANG_WARN_INT_CONVERSION = YES;
				CLANG_WARN_NON_LITERAL_NULL_CONVERSION = YES;
				CLANG_WARN_OBJC_IMPLICIT_RETAIN_SELF = YES;
				CLANG_WARN_OBJC_LITERAL_CONVERSION = YES;
				CLANG_WARN_OBJC_ROOT_CLASS = YES_ERROR;
				CLANG_WARN_QUOTED_INCLUDE_IN_FRAMEWORK_HEADER = YES;
				CLANG_WARN_RANGE_LOOP_ANALYSIS = YES;
				CLANG_WARN_STRICT_PROTOTYPES = YES;
				CLANG_WARN_SUSPICIOUS_MOVE = YES;
				CLANG_WARN_UNGUARDED_AVAILABILITY = YES_AGGRESSIVE;
				CLANG_WARN_UNREACHABLE_CODE = YES;
				CLANG_WARN__DUPLICATE_METHOD_MATCH = YES;
				COPY_PHASE_STRIP = NO;
				DEBUG_INFORMATION_FORMAT = "dwarf-with-dsym";
				ENABLE_NS_ASSERTIONS = NO;
				ENABLE_STRICT_OBJC_MSGSEND = YES;
				ENABLE_USER_SCRIPT_SANDBOXING = YES;
				GCC_C_LANGUAGE_STANDARD = gnu17;
				GCC_NO_COMMON_BLOCKS = YES;
				GCC_WARN_64_TO_32_BIT_CONVERSION = YES;
				GCC_WARN_ABOUT_RETURN_TYPE = YES_ERROR;
				GCC_WARN_UNDECLARED_SELECTOR = YES;
				GCC_WARN_UNINITIALIZED_AUTOS = YES_AGGRESSIVE;
				GCC_WARN_UNUSED_FUNCTION = YES;
				GCC_WARN_UNUSED_VARIABLE = YES;
				IPHONEOS_DEPLOYMENT_TARGET = 17.2;
				LOCALIZATION_PREFERS_STRING_CATALOGS = YES;
				MTL_ENABLE_DEBUG_INFO = NO;
				MTL_FAST_MATH = YES;
				SDKROOT = iphoneos;
				SWIFT_COMPILATION_MODE = wholemodule;
				VALIDATE_PRODUCT = YES;
			};
			name = Release;
		};
		815F670E2BD890E70026A32F /* Debug */ = {
			isa = XCBuildConfiguration;
			buildSettings = {
				ASSETCATALOG_COMPILER_APPICON_NAME = AppIcon;
				ASSETCATALOG_COMPILER_GLOBAL_ACCENT_COLOR_NAME = AccentColor;
				CODE_SIGN_STYLE = Automatic;
				CURRENT_PROJECT_VERSION = 1;
				DEVELOPMENT_ASSET_PATHS = "\"App01/Preview Content\"";
				DEVELOPMENT_TEAM = Y52W7YXY2Z;
				ENABLE_PREVIEWS = YES;
				GENERATE_INFOPLIST_FILE = YES;
				INFOPLIST_KEY_UIApplicationSceneManifest_Generation = YES;
				INFOPLIST_KEY_UIApplicationSupportsIndirectInputEvents = YES;
				INFOPLIST_KEY_UILaunchScreen_Generation = YES;
				INFOPLIST_KEY_UISupportedInterfaceOrientations_iPad = "UIInterfaceOrientationPortrait UIInterfaceOrientationPortraitUpsideDown UIInterfaceOrientationLandscapeLeft UIInterfaceOrientationLandscapeRight";
				INFOPLIST_KEY_UISupportedInterfaceOrientations_iPhone = "UIInterfaceOrientationPortrait UIInterfaceOrientationLandscapeLeft UIInterfaceOrientationLandscapeRight";
				LD_RUNPATH_SEARCH_PATHS = (
					"$(inherited)",
					"@executable_path/Frameworks",
				);
				MARKETING_VERSION = 1.0;
				PRODUCT_BUNDLE_IDENTIFIER = Regis.App01;
				PRODUCT_NAME = "$(TARGET_NAME)";
				SWIFT_EMIT_LOC_STRINGS = YES;
				SWIFT_VERSION = 5.0;
				TARGETED_DEVICE_FAMILY = "1,2";
			};
			name = Debug;
		};
		815F670F2BD890E70026A32F /* Release */ = {
			isa = XCBuildConfiguration;
			buildSettings = {
				ASSETCATALOG_COMPILER_APPICON_NAME = AppIcon;
				ASSETCATALOG_COMPILER_GLOBAL_ACCENT_COLOR_NAME = AccentColor;
				CODE_SIGN_STYLE = Automatic;
				CURRENT_PROJECT_VERSION = 1;
				DEVELOPMENT_ASSET_PATHS = "\"App01/Preview Content\"";
				DEVELOPMENT_TEAM = Y52W7YXY2Z;
				ENABLE_PREVIEWS = YES;
				GENERATE_INFOPLIST_FILE = YES;
				INFOPLIST_KEY_UIApplicationSceneManifest_Generation = YES;
				INFOPLIST_KEY_UIApplicationSupportsIndirectInputEvents = YES;
				INFOPLIST_KEY_UILaunchScreen_Generation = YES;
				INFOPLIST_KEY_UISupportedInterfaceOrientations_iPad = "UIInterfaceOrientationPortrait UIInterfaceOrientationPortraitUpsideDown UIInterfaceOrientationLandscapeLeft UIInterfaceOrientationLandscapeRight";
				INFOPLIST_KEY_UISupportedInterfaceOrientations_iPhone = "UIInterfaceOrientationPortrait UIInterfaceOrientationLandscapeLeft UIInterfaceOrientationLandscapeRight";
				LD_RUNPATH_SEARCH_PATHS = (
					"$(inherited)",
					"@executable_path/Frameworks",
				);
				MARKETING_VERSION = 1.0;
				PRODUCT_BUNDLE_IDENTIFIER = Regis.App01;
				PRODUCT_NAME = "$(TARGET_NAME)";
				SWIFT_EMIT_LOC_STRINGS = YES;
				SWIFT_VERSION = 5.0;
				TARGETED_DEVICE_FAMILY = "1,2";
			};
			name = Release;
		};
		815F67112BD890E70026A32F /* Debug */ = {
			isa = XCBuildConfiguration;
			buildSettings = {
				ALWAYS_EMBED_SWIFT_STANDARD_LIBRARIES = YES;
				BUNDLE_LOADER = "$(TEST_HOST)";
				CODE_SIGN_STYLE = Automatic;
				CURRENT_PROJECT_VERSION = 1;
				DEVELOPMENT_TEAM = Y52W7YXY2Z;
				GENERATE_INFOPLIST_FILE = YES;
				IPHONEOS_DEPLOYMENT_TARGET = 17.2;
				MARKETING_VERSION = 1.0;
				PRODUCT_BUNDLE_IDENTIFIER = Regis.App01Tests;
				PRODUCT_NAME = "$(TARGET_NAME)";
				SWIFT_EMIT_LOC_STRINGS = NO;
				SWIFT_VERSION = 5.0;
				TARGETED_DEVICE_FAMILY = "1,2";
				TEST_HOST = "$(BUILT_PRODUCTS_DIR)/App01.app/$(BUNDLE_EXECUTABLE_FOLDER_PATH)/App01";
			};
			name = Debug;
		};
		815F67122BD890E70026A32F /* Release */ = {
			isa = XCBuildConfiguration;
			buildSettings = {
				ALWAYS_EMBED_SWIFT_STANDARD_LIBRARIES = YES;
				BUNDLE_LOADER = "$(TEST_HOST)";
				CODE_SIGN_STYLE = Automatic;
				CURRENT_PROJECT_VERSION = 1;
				DEVELOPMENT_TEAM = Y52W7YXY2Z;
				GENERATE_INFOPLIST_FILE = YES;
				IPHONEOS_DEPLOYMENT_TARGET = 17.2;
				MARKETING_VERSION = 1.0;
				PRODUCT_BUNDLE_IDENTIFIER = Regis.App01Tests;
				PRODUCT_NAME = "$(TARGET_NAME)";
				SWIFT_EMIT_LOC_STRINGS = NO;
				SWIFT_VERSION = 5.0;
				TARGETED_DEVICE_FAMILY = "1,2";
				TEST_HOST = "$(BUILT_PRODUCTS_DIR)/App01.app/$(BUNDLE_EXECUTABLE_FOLDER_PATH)/App01";
			};
			name = Release;
		};
		815F67142BD890E70026A32F /* Debug */ = {
			isa = XCBuildConfiguration;
			buildSettings = {
				ALWAYS_EMBED_SWIFT_STANDARD_LIBRARIES = YES;
				CODE_SIGN_STYLE = Automatic;
				CURRENT_PROJECT_VERSION = 1;
				DEVELOPMENT_TEAM = Y52W7YXY2Z;
				GENERATE_INFOPLIST_FILE = YES;
				MARKETING_VERSION = 1.0;
				PRODUCT_BUNDLE_IDENTIFIER = Regis.App01UITests;
				PRODUCT_NAME = "$(TARGET_NAME)";
				SWIFT_EMIT_LOC_STRINGS = NO;
				SWIFT_VERSION = 5.0;
				TARGETED_DEVICE_FAMILY = "1,2";
				TEST_TARGET_NAME = App01;
			};
			name = Debug;
		};
		815F67152BD890E70026A32F /* Release */ = {
			isa = XCBuildConfiguration;
			buildSettings = {
				ALWAYS_EMBED_SWIFT_STANDARD_LIBRARIES = YES;
				CODE_SIGN_STYLE = Automatic;
				CURRENT_PROJECT_VERSION = 1;
				DEVELOPMENT_TEAM = Y52W7YXY2Z;
				GENERATE_INFOPLIST_FILE = YES;
				MARKETING_VERSION = 1.0;
				PRODUCT_BUNDLE_IDENTIFIER = Regis.App01UITests;
				PRODUCT_NAME = "$(TARGET_NAME)";
				SWIFT_EMIT_LOC_STRINGS = NO;
				SWIFT_VERSION = 5.0;
				TARGETED_DEVICE_FAMILY = "1,2";
				TEST_TARGET_NAME = App01;
			};
			name = Release;
		};
/* End XCBuildConfiguration section */

/* Begin XCConfigurationList section */
		815F66E42BD890E30026A32F /* Build configuration list for PBXProject "App01" */ = {
			isa = XCConfigurationList;
			buildConfigurations = (
				815F670B2BD890E70026A32F /* Debug */,
				815F670C2BD890E70026A32F /* Release */,
			);
			defaultConfigurationIsVisible = 0;
			defaultConfigurationName = Release;
		};
		815F670D2BD890E70026A32F /* Build configuration list for PBXNativeTarget "App01" */ = {
			isa = XCConfigurationList;
			buildConfigurations = (
				815F670E2BD890E70026A32F /* Debug */,
				815F670F2BD890E70026A32F /* Release */,
			);
			defaultConfigurationIsVisible = 0;
			defaultConfigurationName = Release;
		};
		815F67102BD890E70026A32F /* Build configuration list for PBXNativeTarget "App01Tests" */ = {
			isa = XCConfigurationList;
			buildConfigurations = (
				815F67112BD890E70026A32F /* Debug */,
				815F67122BD890E70026A32F /* Release */,
			);
			defaultConfigurationIsVisible = 0;
			defaultConfigurationName = Release;
		};
		815F67132BD890E70026A32F /* Build configuration list for PBXNativeTarget "App01UITests" */ = {
			isa = XCConfigurationList;
			buildConfigurations = (
				815F67142BD890E70026A32F /* Debug */,
				815F67152BD890E70026A32F /* Release */,
			);
			defaultConfigurationIsVisible = 0;
			defaultConfigurationName = Release;
		};
/* End XCConfigurationList section */
	};
	rootObject = 815F66E12BD890E30026A32F /* Project object */;
}
